
Microsoft Visual Studio Solution File, Format Version 12.00
# Visual Studio Version 17
VisualStudioVersion = 17.6.33815.320
MinimumVisualStudioVersion = 10.0.40219.1
Project("{8BC9CEB8-8B4A-11D0-8D11-00A0C91BC942}") = "VT11", "VT11\VT11.vcxproj", "{20EDAD9E-66C8-47D9-A28B-B557B3AD5BA9}"
EndProject
Project("{8BC9CEB8-8B4A-11D0-8D11-00A0C91BC942}") = "VT13", "VT13\VT13.vcxproj", "{6C4A8A67-BECE-4508-AB7A-7B834B62FB67}"
EndProject
Project("{8BC9CEB8-8B4A-11D0-8D11-00A0C91BC942}") = "SUM2", "SUM2\SUM2.vcxproj", "{345A9D67-8C55-4B78-B0B4-27A0237B8145}"
EndProject
Project("{8BC9CEB8-8B4A-11D0-8D11-00A0C91BC942}") = "SUMDIV", "SUMDIV\SUMDIV.vcxproj", "{D78453FC-A1B5-4B80-B854-7F550B6FAEBC}"
EndProject
Project("{8BC9CEB8-8B4A-11D0-8D11-00A0C91BC942}") = "SANGNT", "SANGNT\SANGNT.vcxproj", "{E738AFAA-C389-4627-8AD1-3CC129C8939B}"
EndProject
Project("{8BC9CEB8-8B4A-11D0-8D11-00A0C91BC942}") = "GAPDOI", "GAPDOI\GAPDOI.vcxproj", "{3BAC8611-0E6D-4274-BA2B-FC3B450B5546}"
EndProject
Project("{8BC9CEB8-8B4A-11D0-8D11-00A0C91BC942}") = "DPSEQ", "DPSEQ\DPSEQ.vcxproj", "{9B00A99C-372A-4F6B-A74C-51CC26EA29E6}"
EndProject
Project("{8BC9CEB8-8B4A-11D0-8D11-00A0C91BC942}") = "MT03", "MT03\MT03.vcxproj", "{E9D67A3E-948B-4A1F-B874-2554F161B07A}"
EndProject
Project("{8BC9CEB8-8B4A-11D0-8D11-00A0C91BC942}") = "SUM9", "SUM9\SUM9.vcxproj", "{7B100DD7-BB9B-4489-9FCD-42DFB5DCA277}"
EndProject
Global
	GlobalSection(SolutionConfigurationPlatforms) = preSolution
		Debug|x64 = Debug|x64
		Debug|x86 = Debug|x86
		Release|x64 = Release|x64
		Release|x86 = Release|x86
	EndGlobalSection
	GlobalSection(ProjectConfigurationPlatforms) = postSolution
		{20EDAD9E-66C8-47D9-A28B-B557B3AD5BA9}.Debug|x64.ActiveCfg = Debug|x64
		{20EDAD9E-66C8-47D9-A28B-B557B3AD5BA9}.Debug|x64.Build.0 = Debug|x64
		{20EDAD9E-66C8-47D9-A28B-B557B3AD5BA9}.Debug|x86.ActiveCfg = Debug|Win32
		{20EDAD9E-66C8-47D9-A28B-B557B3AD5BA9}.Debug|x86.Build.0 = Debug|Win32
		{20EDAD9E-66C8-47D9-A28B-B557B3AD5BA9}.Release|x64.ActiveCfg = Release|x64
		{20EDAD9E-66C8-47D9-A28B-B557B3AD5BA9}.Release|x64.Build.0 = Release|x64
		{20EDAD9E-66C8-47D9-A28B-B557B3AD5BA9}.Release|x86.ActiveCfg = Release|Win32
		{20EDAD9E-66C8-47D9-A28B-B557B3AD5BA9}.Release|x86.Build.0 = Release|Win32
		{6C4A8A67-BECE-4508-AB7A-7B834B62FB67}.Debug|x64.ActiveCfg = Debug|x64
		{6C4A8A67-BECE-4508-AB7A-7B834B62FB67}.Debug|x64.Build.0 = Debug|x64
		{6C4A8A67-BECE-4508-AB7A-7B834B62FB67}.Debug|x86.ActiveCfg = Debug|Win32
		{6C4A8A67-BECE-4508-AB7A-7B834B62FB67}.Debug|x86.Build.0 = Debug|Win32
		{6C4A8A67-BECE-4508-AB7A-7B834B62FB67}.Release|x64.ActiveCfg = Release|x64
		{6C4A8A67-BECE-4508-AB7A-7B834B62FB67}.Release|x64.Build.0 = Release|x64
		{6C4A8A67-BECE-4508-AB7A-7B834B62FB67}.Release|x86.ActiveCfg = Release|Win32
		{6C4A8A67-BECE-4508-AB7A-7B834B62FB67}.Release|x86.Build.0 = Release|Win32
		{345A9D67-8C55-4B78-B0B4-27A0237B8145}.Debug|x64.ActiveCfg = Debug|x64
		{345A9D67-8C55-4B78-B0B4-27A0237B8145}.Debug|x64.Build.0 = Debug|x64
		{345A9D67-8C55-4B78-B0B4-27A0237B8145}.Debug|x86.ActiveCfg = Debug|Win32
		{345A9D67-8C55-4B78-B0B4-27A0237B8145}.Debug|x86.Build.0 = Debug|Win32
		{345A9D67-8C55-4B78-B0B4-27A0237B8145}.Release|x64.ActiveCfg = Release|x64
		{345A9D67-8C55-4B78-B0B4-27A0237B8145}.Release|x64.Build.0 = Release|x64
		{345A9D67-8C55-4B78-B0B4-27A0237B8145}.Release|x86.ActiveCfg = Release|Win32
		{345A9D67-8C55-4B78-B0B4-27A0237B8145}.Release|x86.Build.0 = Release|Win32
		{D78453FC-A1B5-4B80-B854-7F550B6FAEBC}.Debug|x64.ActiveCfg = Debug|x64
		{D78453FC-A1B5-4B80-B854-7F550B6FAEBC}.Debug|x64.Build.0 = Debug|x64
		{D78453FC-A1B5-4B80-B854-7F550B6FAEBC}.Debug|x86.ActiveCfg = Debug|Win32
		{D78453FC-A1B5-4B80-B854-7F550B6FAEBC}.Debug|x86.Build.0 = Debug|Win32
		{D78453FC-A1B5-4B80-B854-7F550B6FAEBC}.Release|x64.ActiveCfg = Release|x64
		{D78453FC-A1B5-4B80-B854-7F550B6FAEBC}.Release|x64.Build.0 = Release|x64
		{D78453FC-A1B5-4B80-B854-7F550B6FAEBC}.Release|x86.ActiveCfg = Release|Win32
		{D78453FC-A1B5-4B80-B854-7F550B6FAEBC}.Release|x86.Build.0 = Release|Win32
		{E738AFAA-C389-4627-8AD1-3CC129C8939B}.Debug|x64.ActiveCfg = Debug|x64
		{E738AFAA-C389-4627-8AD1-3CC129C8939B}.Debug|x64.Build.0 = Debug|x64
		{E738AFAA-C389-4627-8AD1-3CC129C8939B}.Debug|x86.ActiveCfg = Debug|Win32
		{E738AFAA-C389-4627-8AD1-3CC129C8939B}.Debug|x86.Build.0 = Debug|Win32
		{E738AFAA-C389-4627-8AD1-3CC129C8939B}.Release|x64.ActiveCfg = Release|x64
		{E738AFAA-C389-4627-8AD1-3CC129C8939B}.Release|x64.Build.0 = Release|x64
		{E738AFAA-C389-4627-8AD1-3CC129C8939B}.Release|x86.ActiveCfg = Release|Win32
		{E738AFAA-C389-4627-8AD1-3CC129C8939B}.Release|x86.Build.0 = Release|Win32
		{3BAC8611-0E6D-4274-BA2B-FC3B450B5546}.Debug|x64.ActiveCfg = Debug|x64
		{3BAC8611-0E6D-4274-BA2B-FC3B450B5546}.Debug|x64.Build.0 = Debug|x64
		{3BAC8611-0E6D-4274-BA2B-FC3B450B5546}.Debug|x86.ActiveCfg = Debug|Win32
		{3BAC8611-0E6D-4274-BA2B-FC3B450B5546}.Debug|x86.Build.0 = Debug|Win32
		{3BAC8611-0E6D-4274-BA2B-FC3B450B5546}.Release|x64.ActiveCfg = Release|x64
		{3BAC8611-0E6D-4274-BA2B-FC3B450B5546}.Release|x64.Build.0 = Release|x64
		{3BAC8611-0E6D-4274-BA2B-FC3B450B5546}.Release|x86.ActiveCfg = Release|Win32
		{3BAC8611-0E6D-4274-BA2B-FC3B450B5546}.Release|x86.Build.0 = Release|Win32
		{9B00A99C-372A-4F6B-A74C-51CC26EA29E6}.Debug|x64.ActiveCfg = Debug|x64
		{9B00A99C-372A-4F6B-A74C-51CC26EA29E6}.Debug|x64.Build.0 = Debug|x64
		{9B00A99C-372A-4F6B-A74C-51CC26EA29E6}.Debug|x86.ActiveCfg = Debug|Win32
		{9B00A99C-372A-4F6B-A74C-51CC26EA29E6}.Debug|x86.Build.0 = Debug|Win32
		{9B00A99C-372A-4F6B-A74C-51CC26EA29E6}.Release|x64.ActiveCfg = Release|x64
		{9B00A99C-372A-4F6B-A74C-51CC26EA29E6}.Release|x64.Build.0 = Release|x64
		{9B00A99C-372A-4F6B-A74C-51CC26EA29E6}.Release|x86.ActiveCfg = Release|Win32
		{9B00A99C-372A-4F6B-A74C-51CC26EA29E6}.Release|x86.Build.0 = Release|Win32
		{E9D67A3E-948B-4A1F-B874-2554F161B07A}.Debug|x64.ActiveCfg = Debug|x64
		{E9D67A3E-948B-4A1F-B874-2554F161B07A}.Debug|x64.Build.0 = Debug|x64
		{E9D67A3E-948B-4A1F-B874-2554F161B07A}.Debug|x86.ActiveCfg = Debug|Win32
		{E9D67A3E-948B-4A1F-B874-2554F161B07A}.Debug|x86.Build.0 = Debug|Win32
		{E9D67A3E-948B-4A1F-B874-2554F161B07A}.Release|x64.ActiveCfg = Release|x64
		{E9D67A3E-948B-4A1F-B874-2554F161B07A}.Release|x64.Build.0 = Release|x64
		{E9D67A3E-948B-4A1F-B874-2554F161B07A}.Release|x86.ActiveCfg = Release|Win32
		{E9D67A3E-948B-4A1F-B874-2554F161B07A}.Release|x86.Build.0 = Release|Win32
		{7B100DD7-BB9B-4489-9FCD-42DFB5DCA277}.Debug|x64.ActiveCfg = Debug|x64
		{7B100DD7-BB9B-4489-9FCD-42DFB5DCA277}.Debug|x64.Build.0 = Debug|x64
		{7B100DD7-BB9B-4489-9FCD-42DFB5DCA277}.Debug|x86.ActiveCfg = Debug|Win32
		{7B100DD7-BB9B-4489-9FCD-42DFB5DCA277}.Debug|x86.Build.0 = Debug|Win32
		{7B100DD7-BB9B-4489-9FCD-42DFB5DCA277}.Release|x64.ActiveCfg = Release|x64
		{7B100DD7-BB9B-4489-9FCD-42DFB5DCA277}.Release|x64.Build.0 = Release|x64
		{7B100DD7-BB9B-4489-9FCD-42DFB5DCA277}.Release|x86.ActiveCfg = Release|Win32
		{7B100DD7-BB9B-4489-9FCD-42DFB5DCA277}.Release|x86.Build.0 = Release|Win32
	EndGlobalSection
	GlobalSection(SolutionProperties) = preSolution
		HideSolutionNode = FALSE
	EndGlobalSection
	GlobalSection(ExtensibilityGlobals) = postSolution
		SolutionGuid = {E67E48A2-7323-4D01-9574-3590D199A3EA}
	EndGlobalSection
EndGlobal
