
Microsoft Visual Studio Solution File, Format Version 12.00
# Visual Studio Version 17
VisualStudioVersion = 17.6.33815.320
MinimumVisualStudioVersion = 10.0.40219.1
Project("{8BC9CEB8-8B4A-11D0-8D11-00A0C91BC942}") = "VT11", "VT11\VT11.vcxproj", "{20EDAD9E-66C8-47D9-A28B-B557B3AD5BA9}"
EndProject
Project("{8BC9CEB8-8B4A-11D0-8D11-00A0C91BC942}") = "GPTB1", "GPTB1\GPTB1.vcxproj", "{B2C0B3D9-F9F3-4E35-BDA8-21CFA3A8CB06}"
EndProject
Project("{8BC9CEB8-8B4A-11D0-8D11-00A0C91BC942}") = "DUYNO", "DUYNO\DUYNO.vcxproj", "{029E87E0-F737-4C56-85DB-025A5244DF89}"
EndProject
Project("{8BC9CEB8-8B4A-11D0-8D11-00A0C91BC942}") = "DCTDN1", "DCTDN1\DCTDN1.vcxproj", "{428CB96C-3578-44D8-9215-A6204FEB7D97}"
EndProject
Project("{8BC9CEB8-8B4A-11D0-8D11-00A0C91BC942}") = "SUM6", "SUM6\SUM6.vcxproj", "{9D75F1D2-152A-4D5F-A58B-76FDD328D506}"
EndProject
Project("{8BC9CEB8-8B4A-11D0-8D11-00A0C91BC942}") = "VT16", "VT16\VT16.vcxproj", "{B93406D3-9D4B-482F-B3A7-AE4971ACBB3D}"
EndProject
Project("{8BC9CEB8-8B4A-11D0-8D11-00A0C91BC942}") = "VT14", "VT14\VT14.vcxproj", "{BB63D61A-311E-4403-8504-761B125189DC}"
EndProject
Project("{8BC9CEB8-8B4A-11D0-8D11-00A0C91BC942}") = "SUM3", "SUM3\SUM3.vcxproj", "{DE750396-B74F-46DA-9D3C-066F38A61813}"
EndProject
Project("{8BC9CEB8-8B4A-11D0-8D11-00A0C91BC942}") = "SUMBIG", "SUMBIG\SUMBIG.vcxproj", "{887F0FC2-B1BC-40CB-9CCD-B93ECBE2DDF1}"
EndProject
Project("{8BC9CEB8-8B4A-11D0-8D11-00A0C91BC942}") = "SUM5", "SUM5\SUM5.vcxproj", "{E9C63802-D898-441D-9E1D-94AE880DEE9A}"
EndProject
Project("{8BC9CEB8-8B4A-11D0-8D11-00A0C91BC942}") = "PHITINH", "PHITINH\PHITINH.vcxproj", "{76598C86-203B-45B3-8C1E-6EB578AB7E20}"
EndProject
Project("{8BC9CEB8-8B4A-11D0-8D11-00A0C91BC942}") = "STR01", "STR01\STR01.vcxproj", "{900A664D-9B42-48FE-BE1E-A60A4269E18D}"
EndProject
Project("{8BC9CEB8-8B4A-11D0-8D11-00A0C91BC942}") = "MT04", "MT04\MT04.vcxproj", "{123108E3-D3E8-4A7C-A2E5-F004F9119DE0}"
EndProject
Project("{8BC9CEB8-8B4A-11D0-8D11-00A0C91BC942}") = "PERFECT", "PERFECT\PERFECT.vcxproj", "{C4558DD2-1D87-47D3-9296-96C8D6A08845}"
EndProject
Project("{8BC9CEB8-8B4A-11D0-8D11-00A0C91BC942}") = "DEMTU", "DEMTU\DEMTU.vcxproj", "{5B32EBD4-5406-404C-B47B-73CCAD16D4D3}"
EndProject
Project("{8BC9CEB8-8B4A-11D0-8D11-00A0C91BC942}") = "MAGPERM", "MAGPERM\MAGPERM.vcxproj", "{CE64B5CD-14B1-4A87-8685-3FA5E1CD079F}"
EndProject
Project("{8BC9CEB8-8B4A-11D0-8D11-00A0C91BC942}") = "MAXPATH", "MAXPATH\MAXPATH.vcxproj", "{5447F1FA-7ADC-4BD2-B5D0-1137437B0D1E}"
EndProject
Project("{8BC9CEB8-8B4A-11D0-8D11-00A0C91BC942}") = "PRIMFAC", "PRIMFAC\PRIMFAC.vcxproj", "{51E9F39B-1F80-42B7-B7A7-32FEA0718124}"
EndProject
Project("{8BC9CEB8-8B4A-11D0-8D11-00A0C91BC942}") = "MT01", "MT01\MT01.vcxproj", "{2FD02E1B-47DD-4B88-BA2D-E9F11A96E050}"
EndProject
Project("{8BC9CEB8-8B4A-11D0-8D11-00A0C91BC942}") = "MT06", "MT06\MT06.vcxproj", "{EFA98412-E9D7-4175-AF6C-1BF65730F434}"
EndProject
Global
	GlobalSection(SolutionConfigurationPlatforms) = preSolution
		Debug|x64 = Debug|x64
		Debug|x86 = Debug|x86
		Release|x64 = Release|x64
		Release|x86 = Release|x86
	EndGlobalSection
	GlobalSection(ProjectConfigurationPlatforms) = postSolution
		{20EDAD9E-66C8-47D9-A28B-B557B3AD5BA9}.Debug|x64.ActiveCfg = Debug|x64
		{20EDAD9E-66C8-47D9-A28B-B557B3AD5BA9}.Debug|x64.Build.0 = Debug|x64
		{20EDAD9E-66C8-47D9-A28B-B557B3AD5BA9}.Debug|x86.ActiveCfg = Debug|Win32
		{20EDAD9E-66C8-47D9-A28B-B557B3AD5BA9}.Debug|x86.Build.0 = Debug|Win32
		{20EDAD9E-66C8-47D9-A28B-B557B3AD5BA9}.Release|x64.ActiveCfg = Release|x64
		{20EDAD9E-66C8-47D9-A28B-B557B3AD5BA9}.Release|x64.Build.0 = Release|x64
		{20EDAD9E-66C8-47D9-A28B-B557B3AD5BA9}.Release|x86.ActiveCfg = Release|Win32
		{20EDAD9E-66C8-47D9-A28B-B557B3AD5BA9}.Release|x86.Build.0 = Release|Win32
		{B2C0B3D9-F9F3-4E35-BDA8-21CFA3A8CB06}.Debug|x64.ActiveCfg = Debug|x64
		{B2C0B3D9-F9F3-4E35-BDA8-21CFA3A8CB06}.Debug|x64.Build.0 = Debug|x64
		{B2C0B3D9-F9F3-4E35-BDA8-21CFA3A8CB06}.Debug|x86.ActiveCfg = Debug|Win32
		{B2C0B3D9-F9F3-4E35-BDA8-21CFA3A8CB06}.Debug|x86.Build.0 = Debug|Win32
		{B2C0B3D9-F9F3-4E35-BDA8-21CFA3A8CB06}.Release|x64.ActiveCfg = Release|x64
		{B2C0B3D9-F9F3-4E35-BDA8-21CFA3A8CB06}.Release|x64.Build.0 = Release|x64
		{B2C0B3D9-F9F3-4E35-BDA8-21CFA3A8CB06}.Release|x86.ActiveCfg = Release|Win32
		{B2C0B3D9-F9F3-4E35-BDA8-21CFA3A8CB06}.Release|x86.Build.0 = Release|Win32
		{029E87E0-F737-4C56-85DB-025A5244DF89}.Debug|x64.ActiveCfg = Debug|x64
		{029E87E0-F737-4C56-85DB-025A5244DF89}.Debug|x64.Build.0 = Debug|x64
		{029E87E0-F737-4C56-85DB-025A5244DF89}.Debug|x86.ActiveCfg = Debug|Win32
		{029E87E0-F737-4C56-85DB-025A5244DF89}.Debug|x86.Build.0 = Debug|Win32
		{029E87E0-F737-4C56-85DB-025A5244DF89}.Release|x64.ActiveCfg = Release|x64
		{029E87E0-F737-4C56-85DB-025A5244DF89}.Release|x64.Build.0 = Release|x64
		{029E87E0-F737-4C56-85DB-025A5244DF89}.Release|x86.ActiveCfg = Release|Win32
		{029E87E0-F737-4C56-85DB-025A5244DF89}.Release|x86.Build.0 = Release|Win32
		{428CB96C-3578-44D8-9215-A6204FEB7D97}.Debug|x64.ActiveCfg = Debug|x64
		{428CB96C-3578-44D8-9215-A6204FEB7D97}.Debug|x64.Build.0 = Debug|x64
		{428CB96C-3578-44D8-9215-A6204FEB7D97}.Debug|x86.ActiveCfg = Debug|Win32
		{428CB96C-3578-44D8-9215-A6204FEB7D97}.Debug|x86.Build.0 = Debug|Win32
		{428CB96C-3578-44D8-9215-A6204FEB7D97}.Release|x64.ActiveCfg = Release|x64
		{428CB96C-3578-44D8-9215-A6204FEB7D97}.Release|x64.Build.0 = Release|x64
		{428CB96C-3578-44D8-9215-A6204FEB7D97}.Release|x86.ActiveCfg = Release|Win32
		{428CB96C-3578-44D8-9215-A6204FEB7D97}.Release|x86.Build.0 = Release|Win32
		{9D75F1D2-152A-4D5F-A58B-76FDD328D506}.Debug|x64.ActiveCfg = Debug|x64
		{9D75F1D2-152A-4D5F-A58B-76FDD328D506}.Debug|x64.Build.0 = Debug|x64
		{9D75F1D2-152A-4D5F-A58B-76FDD328D506}.Debug|x86.ActiveCfg = Debug|Win32
		{9D75F1D2-152A-4D5F-A58B-76FDD328D506}.Debug|x86.Build.0 = Debug|Win32
		{9D75F1D2-152A-4D5F-A58B-76FDD328D506}.Release|x64.ActiveCfg = Release|x64
		{9D75F1D2-152A-4D5F-A58B-76FDD328D506}.Release|x64.Build.0 = Release|x64
		{9D75F1D2-152A-4D5F-A58B-76FDD328D506}.Release|x86.ActiveCfg = Release|Win32
		{9D75F1D2-152A-4D5F-A58B-76FDD328D506}.Release|x86.Build.0 = Release|Win32
		{B93406D3-9D4B-482F-B3A7-AE4971ACBB3D}.Debug|x64.ActiveCfg = Debug|x64
		{B93406D3-9D4B-482F-B3A7-AE4971ACBB3D}.Debug|x64.Build.0 = Debug|x64
		{B93406D3-9D4B-482F-B3A7-AE4971ACBB3D}.Debug|x86.ActiveCfg = Debug|Win32
		{B93406D3-9D4B-482F-B3A7-AE4971ACBB3D}.Debug|x86.Build.0 = Debug|Win32
		{B93406D3-9D4B-482F-B3A7-AE4971ACBB3D}.Release|x64.ActiveCfg = Release|x64
		{B93406D3-9D4B-482F-B3A7-AE4971ACBB3D}.Release|x64.Build.0 = Release|x64
		{B93406D3-9D4B-482F-B3A7-AE4971ACBB3D}.Release|x86.ActiveCfg = Release|Win32
		{B93406D3-9D4B-482F-B3A7-AE4971ACBB3D}.Release|x86.Build.0 = Release|Win32
		{BB63D61A-311E-4403-8504-761B125189DC}.Debug|x64.ActiveCfg = Debug|x64
		{BB63D61A-311E-4403-8504-761B125189DC}.Debug|x64.Build.0 = Debug|x64
		{BB63D61A-311E-4403-8504-761B125189DC}.Debug|x86.ActiveCfg = Debug|Win32
		{BB63D61A-311E-4403-8504-761B125189DC}.Debug|x86.Build.0 = Debug|Win32
		{BB63D61A-311E-4403-8504-761B125189DC}.Release|x64.ActiveCfg = Release|x64
		{BB63D61A-311E-4403-8504-761B125189DC}.Release|x64.Build.0 = Release|x64
		{BB63D61A-311E-4403-8504-761B125189DC}.Release|x86.ActiveCfg = Release|Win32
		{BB63D61A-311E-4403-8504-761B125189DC}.Release|x86.Build.0 = Release|Win32
		{DE750396-B74F-46DA-9D3C-066F38A61813}.Debug|x64.ActiveCfg = Debug|x64
		{DE750396-B74F-46DA-9D3C-066F38A61813}.Debug|x64.Build.0 = Debug|x64
		{DE750396-B74F-46DA-9D3C-066F38A61813}.Debug|x86.ActiveCfg = Debug|Win32
		{DE750396-B74F-46DA-9D3C-066F38A61813}.Debug|x86.Build.0 = Debug|Win32
		{DE750396-B74F-46DA-9D3C-066F38A61813}.Release|x64.ActiveCfg = Release|x64
		{DE750396-B74F-46DA-9D3C-066F38A61813}.Release|x64.Build.0 = Release|x64
		{DE750396-B74F-46DA-9D3C-066F38A61813}.Release|x86.ActiveCfg = Release|Win32
		{DE750396-B74F-46DA-9D3C-066F38A61813}.Release|x86.Build.0 = Release|Win32
		{887F0FC2-B1BC-40CB-9CCD-B93ECBE2DDF1}.Debug|x64.ActiveCfg = Debug|x64
		{887F0FC2-B1BC-40CB-9CCD-B93ECBE2DDF1}.Debug|x64.Build.0 = Debug|x64
		{887F0FC2-B1BC-40CB-9CCD-B93ECBE2DDF1}.Debug|x86.ActiveCfg = Debug|Win32
		{887F0FC2-B1BC-40CB-9CCD-B93ECBE2DDF1}.Debug|x86.Build.0 = Debug|Win32
		{887F0FC2-B1BC-40CB-9CCD-B93ECBE2DDF1}.Release|x64.ActiveCfg = Release|x64
		{887F0FC2-B1BC-40CB-9CCD-B93ECBE2DDF1}.Release|x64.Build.0 = Release|x64
		{887F0FC2-B1BC-40CB-9CCD-B93ECBE2DDF1}.Release|x86.ActiveCfg = Release|Win32
		{887F0FC2-B1BC-40CB-9CCD-B93ECBE2DDF1}.Release|x86.Build.0 = Release|Win32
		{E9C63802-D898-441D-9E1D-94AE880DEE9A}.Debug|x64.ActiveCfg = Debug|x64
		{E9C63802-D898-441D-9E1D-94AE880DEE9A}.Debug|x64.Build.0 = Debug|x64
		{E9C63802-D898-441D-9E1D-94AE880DEE9A}.Debug|x86.ActiveCfg = Debug|Win32
		{E9C63802-D898-441D-9E1D-94AE880DEE9A}.Debug|x86.Build.0 = Debug|Win32
		{E9C63802-D898-441D-9E1D-94AE880DEE9A}.Release|x64.ActiveCfg = Release|x64
		{E9C63802-D898-441D-9E1D-94AE880DEE9A}.Release|x64.Build.0 = Release|x64
		{E9C63802-D898-441D-9E1D-94AE880DEE9A}.Release|x86.ActiveCfg = Release|Win32
		{E9C63802-D898-441D-9E1D-94AE880DEE9A}.Release|x86.Build.0 = Release|Win32
		{76598C86-203B-45B3-8C1E-6EB578AB7E20}.Debug|x64.ActiveCfg = Debug|x64
		{76598C86-203B-45B3-8C1E-6EB578AB7E20}.Debug|x64.Build.0 = Debug|x64
		{76598C86-203B-45B3-8C1E-6EB578AB7E20}.Debug|x86.ActiveCfg = Debug|Win32
		{76598C86-203B-45B3-8C1E-6EB578AB7E20}.Debug|x86.Build.0 = Debug|Win32
		{76598C86-203B-45B3-8C1E-6EB578AB7E20}.Release|x64.ActiveCfg = Release|x64
		{76598C86-203B-45B3-8C1E-6EB578AB7E20}.Release|x64.Build.0 = Release|x64
		{76598C86-203B-45B3-8C1E-6EB578AB7E20}.Release|x86.ActiveCfg = Release|Win32
		{76598C86-203B-45B3-8C1E-6EB578AB7E20}.Release|x86.Build.0 = Release|Win32
		{900A664D-9B42-48FE-BE1E-A60A4269E18D}.Debug|x64.ActiveCfg = Debug|x64
		{900A664D-9B42-48FE-BE1E-A60A4269E18D}.Debug|x64.Build.0 = Debug|x64
		{900A664D-9B42-48FE-BE1E-A60A4269E18D}.Debug|x86.ActiveCfg = Debug|Win32
		{900A664D-9B42-48FE-BE1E-A60A4269E18D}.Debug|x86.Build.0 = Debug|Win32
		{900A664D-9B42-48FE-BE1E-A60A4269E18D}.Release|x64.ActiveCfg = Release|x64
		{900A664D-9B42-48FE-BE1E-A60A4269E18D}.Release|x64.Build.0 = Release|x64
		{900A664D-9B42-48FE-BE1E-A60A4269E18D}.Release|x86.ActiveCfg = Release|Win32
		{900A664D-9B42-48FE-BE1E-A60A4269E18D}.Release|x86.Build.0 = Release|Win32
		{123108E3-D3E8-4A7C-A2E5-F004F9119DE0}.Debug|x64.ActiveCfg = Debug|x64
		{123108E3-D3E8-4A7C-A2E5-F004F9119DE0}.Debug|x64.Build.0 = Debug|x64
		{123108E3-D3E8-4A7C-A2E5-F004F9119DE0}.Debug|x86.ActiveCfg = Debug|Win32
		{123108E3-D3E8-4A7C-A2E5-F004F9119DE0}.Debug|x86.Build.0 = Debug|Win32
		{123108E3-D3E8-4A7C-A2E5-F004F9119DE0}.Release|x64.ActiveCfg = Release|x64
		{123108E3-D3E8-4A7C-A2E5-F004F9119DE0}.Release|x64.Build.0 = Release|x64
		{123108E3-D3E8-4A7C-A2E5-F004F9119DE0}.Release|x86.ActiveCfg = Release|Win32
		{123108E3-D3E8-4A7C-A2E5-F004F9119DE0}.Release|x86.Build.0 = Release|Win32
		{C4558DD2-1D87-47D3-9296-96C8D6A08845}.Debug|x64.ActiveCfg = Debug|x64
		{C4558DD2-1D87-47D3-9296-96C8D6A08845}.Debug|x64.Build.0 = Debug|x64
		{C4558DD2-1D87-47D3-9296-96C8D6A08845}.Debug|x86.ActiveCfg = Debug|Win32
		{C4558DD2-1D87-47D3-9296-96C8D6A08845}.Debug|x86.Build.0 = Debug|Win32
		{C4558DD2-1D87-47D3-9296-96C8D6A08845}.Release|x64.ActiveCfg = Release|x64
		{C4558DD2-1D87-47D3-9296-96C8D6A08845}.Release|x64.Build.0 = Release|x64
		{C4558DD2-1D87-47D3-9296-96C8D6A08845}.Release|x86.ActiveCfg = Release|Win32
		{C4558DD2-1D87-47D3-9296-96C8D6A08845}.Release|x86.Build.0 = Release|Win32
		{5B32EBD4-5406-404C-B47B-73CCAD16D4D3}.Debug|x64.ActiveCfg = Debug|x64
		{5B32EBD4-5406-404C-B47B-73CCAD16D4D3}.Debug|x64.Build.0 = Debug|x64
		{5B32EBD4-5406-404C-B47B-73CCAD16D4D3}.Debug|x86.ActiveCfg = Debug|Win32
		{5B32EBD4-5406-404C-B47B-73CCAD16D4D3}.Debug|x86.Build.0 = Debug|Win32
		{5B32EBD4-5406-404C-B47B-73CCAD16D4D3}.Release|x64.ActiveCfg = Release|x64
		{5B32EBD4-5406-404C-B47B-73CCAD16D4D3}.Release|x64.Build.0 = Release|x64
		{5B32EBD4-5406-404C-B47B-73CCAD16D4D3}.Release|x86.ActiveCfg = Release|Win32
		{5B32EBD4-5406-404C-B47B-73CCAD16D4D3}.Release|x86.Build.0 = Release|Win32
		{CE64B5CD-14B1-4A87-8685-3FA5E1CD079F}.Debug|x64.ActiveCfg = Debug|x64
		{CE64B5CD-14B1-4A87-8685-3FA5E1CD079F}.Debug|x64.Build.0 = Debug|x64
		{CE64B5CD-14B1-4A87-8685-3FA5E1CD079F}.Debug|x86.ActiveCfg = Debug|Win32
		{CE64B5CD-14B1-4A87-8685-3FA5E1CD079F}.Debug|x86.Build.0 = Debug|Win32
		{CE64B5CD-14B1-4A87-8685-3FA5E1CD079F}.Release|x64.ActiveCfg = Release|x64
		{CE64B5CD-14B1-4A87-8685-3FA5E1CD079F}.Release|x64.Build.0 = Release|x64
		{CE64B5CD-14B1-4A87-8685-3FA5E1CD079F}.Release|x86.ActiveCfg = Release|Win32
		{CE64B5CD-14B1-4A87-8685-3FA5E1CD079F}.Release|x86.Build.0 = Release|Win32
		{5447F1FA-7ADC-4BD2-B5D0-1137437B0D1E}.Debug|x64.ActiveCfg = Debug|x64
		{5447F1FA-7ADC-4BD2-B5D0-1137437B0D1E}.Debug|x64.Build.0 = Debug|x64
		{5447F1FA-7ADC-4BD2-B5D0-1137437B0D1E}.Debug|x86.ActiveCfg = Debug|Win32
		{5447F1FA-7ADC-4BD2-B5D0-1137437B0D1E}.Debug|x86.Build.0 = Debug|Win32
		{5447F1FA-7ADC-4BD2-B5D0-1137437B0D1E}.Release|x64.ActiveCfg = Release|x64
		{5447F1FA-7ADC-4BD2-B5D0-1137437B0D1E}.Release|x64.Build.0 = Release|x64
		{5447F1FA-7ADC-4BD2-B5D0-1137437B0D1E}.Release|x86.ActiveCfg = Release|Win32
		{5447F1FA-7ADC-4BD2-B5D0-1137437B0D1E}.Release|x86.Build.0 = Release|Win32
		{51E9F39B-1F80-42B7-B7A7-32FEA0718124}.Debug|x64.ActiveCfg = Debug|x64
		{51E9F39B-1F80-42B7-B7A7-32FEA0718124}.Debug|x64.Build.0 = Debug|x64
		{51E9F39B-1F80-42B7-B7A7-32FEA0718124}.Debug|x86.ActiveCfg = Debug|Win32
		{51E9F39B-1F80-42B7-B7A7-32FEA0718124}.Debug|x86.Build.0 = Debug|Win32
		{51E9F39B-1F80-42B7-B7A7-32FEA0718124}.Release|x64.ActiveCfg = Release|x64
		{51E9F39B-1F80-42B7-B7A7-32FEA0718124}.Release|x64.Build.0 = Release|x64
		{51E9F39B-1F80-42B7-B7A7-32FEA0718124}.Release|x86.ActiveCfg = Release|Win32
		{51E9F39B-1F80-42B7-B7A7-32FEA0718124}.Release|x86.Build.0 = Release|Win32
		{2FD02E1B-47DD-4B88-BA2D-E9F11A96E050}.Debug|x64.ActiveCfg = Debug|x64
		{2FD02E1B-47DD-4B88-BA2D-E9F11A96E050}.Debug|x64.Build.0 = Debug|x64
		{2FD02E1B-47DD-4B88-BA2D-E9F11A96E050}.Debug|x86.ActiveCfg = Debug|Win32
		{2FD02E1B-47DD-4B88-BA2D-E9F11A96E050}.Debug|x86.Build.0 = Debug|Win32
		{2FD02E1B-47DD-4B88-BA2D-E9F11A96E050}.Release|x64.ActiveCfg = Release|x64
		{2FD02E1B-47DD-4B88-BA2D-E9F11A96E050}.Release|x64.Build.0 = Release|x64
		{2FD02E1B-47DD-4B88-BA2D-E9F11A96E050}.Release|x86.ActiveCfg = Release|Win32
		{2FD02E1B-47DD-4B88-BA2D-E9F11A96E050}.Release|x86.Build.0 = Release|Win32
		{EFA98412-E9D7-4175-AF6C-1BF65730F434}.Debug|x64.ActiveCfg = Debug|x64
		{EFA98412-E9D7-4175-AF6C-1BF65730F434}.Debug|x64.Build.0 = Debug|x64
		{EFA98412-E9D7-4175-AF6C-1BF65730F434}.Debug|x86.ActiveCfg = Debug|Win32
		{EFA98412-E9D7-4175-AF6C-1BF65730F434}.Debug|x86.Build.0 = Debug|Win32
		{EFA98412-E9D7-4175-AF6C-1BF65730F434}.Release|x64.ActiveCfg = Release|x64
		{EFA98412-E9D7-4175-AF6C-1BF65730F434}.Release|x64.Build.0 = Release|x64
		{EFA98412-E9D7-4175-AF6C-1BF65730F434}.Release|x86.ActiveCfg = Release|Win32
		{EFA98412-E9D7-4175-AF6C-1BF65730F434}.Release|x86.Build.0 = Release|Win32
	EndGlobalSection
	GlobalSection(SolutionProperties) = preSolution
		HideSolutionNode = FALSE
	EndGlobalSection
	GlobalSection(ExtensibilityGlobals) = postSolution
		SolutionGuid = {E67E48A2-7323-4D01-9574-3590D199A3EA}
	EndGlobalSection
EndGlobal
