
Microsoft Visual Studio Solution File, Format Version 12.00
# Visual Studio Version 17
VisualStudioVersion = 17.6.33815.320
MinimumVisualStudioVersion = 10.0.40219.1
Project("{8BC9CEB8-8B4A-11D0-8D11-00A0C91BC942}") = "VT11", "VT11\VT11.vcxproj", "{20EDAD9E-66C8-47D9-A28B-B557B3AD5BA9}"
EndProject
Project("{8BC9CEB8-8B4A-11D0-8D11-00A0C91BC942}") = "GPTB1", "GPTB1\GPTB1.vcxproj", "{B2C0B3D9-F9F3-4E35-BDA8-21CFA3A8CB06}"
EndProject
Project("{8BC9CEB8-8B4A-11D0-8D11-00A0C91BC942}") = "DUYNO", "DUYNO\DUYNO.vcxproj", "{029E87E0-F737-4C56-85DB-025A5244DF89}"
EndProject
Project("{8BC9CEB8-8B4A-11D0-8D11-00A0C91BC942}") = "DCTDN1", "DCTDN1\DCTDN1.vcxproj", "{428CB96C-3578-44D8-9215-A6204FEB7D97}"
EndProject
Project("{8BC9CEB8-8B4A-11D0-8D11-00A0C91BC942}") = "SUM6", "SUM6\SUM6.vcxproj", "{9D75F1D2-152A-4D5F-A58B-76FDD328D506}"
EndProject
Project("{8BC9CEB8-8B4A-11D0-8D11-00A0C91BC942}") = "VT12", "VT12\VT12.vcxproj", "{DB5C284F-0267-4DB6-83B2-6630E4958E3F}"
EndProject
Project("{8BC9CEB8-8B4A-11D0-8D11-00A0C91BC942}") = "DT1", "DT1\DT1.vcxproj", "{2BDC0735-8ECB-4527-B567-4830148B1A79}"
EndProject
Project("{8BC9CEB8-8B4A-11D0-8D11-00A0C91BC942}") = "SUMDIG", "SUMDIG\SUMDIG.vcxproj", "{7284697D-A859-419E-A016-0171DD669356}"
EndProject
Project("{8BC9CEB8-8B4A-11D0-8D11-00A0C91BC942}") = "TAMGIAC", "TAMGIAC\TAMGIAC.vcxproj", "{6BABA4D8-18C6-4B9C-AB0F-9B6D17F38257}"
EndProject
Project("{8BC9CEB8-8B4A-11D0-8D11-00A0C91BC942}") = "SUM7", "SUM7\SUM7.vcxproj", "{D572678B-9ADA-41B2-B6DC-AF8ED63D27F4}"
EndProject
Project("{8BC9CEB8-8B4A-11D0-8D11-00A0C91BC942}") = "INVSUM", "INVSUM\INVSUM.vcxproj", "{BE49D973-41EE-44A8-B597-76069DBC3BD9}"
EndProject
Project("{8BC9CEB8-8B4A-11D0-8D11-00A0C91BC942}") = "MT02", "MT02\MT02.vcxproj", "{0BB450B5-29C6-4033-811C-059A2BB767C8}"
EndProject
Project("{8BC9CEB8-8B4A-11D0-8D11-00A0C91BC942}") = "STR04", "STR04\STR04.vcxproj", "{BE1E0702-F429-45ED-9F7F-AB1E387AB78D}"
EndProject
Global
	GlobalSection(SolutionConfigurationPlatforms) = preSolution
		Debug|x64 = Debug|x64
		Debug|x86 = Debug|x86
		Release|x64 = Release|x64
		Release|x86 = Release|x86
	EndGlobalSection
	GlobalSection(ProjectConfigurationPlatforms) = postSolution
		{20EDAD9E-66C8-47D9-A28B-B557B3AD5BA9}.Debug|x64.ActiveCfg = Debug|x64
		{20EDAD9E-66C8-47D9-A28B-B557B3AD5BA9}.Debug|x64.Build.0 = Debug|x64
		{20EDAD9E-66C8-47D9-A28B-B557B3AD5BA9}.Debug|x86.ActiveCfg = Debug|Win32
		{20EDAD9E-66C8-47D9-A28B-B557B3AD5BA9}.Debug|x86.Build.0 = Debug|Win32
		{20EDAD9E-66C8-47D9-A28B-B557B3AD5BA9}.Release|x64.ActiveCfg = Release|x64
		{20EDAD9E-66C8-47D9-A28B-B557B3AD5BA9}.Release|x64.Build.0 = Release|x64
		{20EDAD9E-66C8-47D9-A28B-B557B3AD5BA9}.Release|x86.ActiveCfg = Release|Win32
		{20EDAD9E-66C8-47D9-A28B-B557B3AD5BA9}.Release|x86.Build.0 = Release|Win32
		{B2C0B3D9-F9F3-4E35-BDA8-21CFA3A8CB06}.Debug|x64.ActiveCfg = Debug|x64
		{B2C0B3D9-F9F3-4E35-BDA8-21CFA3A8CB06}.Debug|x64.Build.0 = Debug|x64
		{B2C0B3D9-F9F3-4E35-BDA8-21CFA3A8CB06}.Debug|x86.ActiveCfg = Debug|Win32
		{B2C0B3D9-F9F3-4E35-BDA8-21CFA3A8CB06}.Debug|x86.Build.0 = Debug|Win32
		{B2C0B3D9-F9F3-4E35-BDA8-21CFA3A8CB06}.Release|x64.ActiveCfg = Release|x64
		{B2C0B3D9-F9F3-4E35-BDA8-21CFA3A8CB06}.Release|x64.Build.0 = Release|x64
		{B2C0B3D9-F9F3-4E35-BDA8-21CFA3A8CB06}.Release|x86.ActiveCfg = Release|Win32
		{B2C0B3D9-F9F3-4E35-BDA8-21CFA3A8CB06}.Release|x86.Build.0 = Release|Win32
		{029E87E0-F737-4C56-85DB-025A5244DF89}.Debug|x64.ActiveCfg = Debug|x64
		{029E87E0-F737-4C56-85DB-025A5244DF89}.Debug|x64.Build.0 = Debug|x64
		{029E87E0-F737-4C56-85DB-025A5244DF89}.Debug|x86.ActiveCfg = Debug|Win32
		{029E87E0-F737-4C56-85DB-025A5244DF89}.Debug|x86.Build.0 = Debug|Win32
		{029E87E0-F737-4C56-85DB-025A5244DF89}.Release|x64.ActiveCfg = Release|x64
		{029E87E0-F737-4C56-85DB-025A5244DF89}.Release|x64.Build.0 = Release|x64
		{029E87E0-F737-4C56-85DB-025A5244DF89}.Release|x86.ActiveCfg = Release|Win32
		{029E87E0-F737-4C56-85DB-025A5244DF89}.Release|x86.Build.0 = Release|Win32
		{428CB96C-3578-44D8-9215-A6204FEB7D97}.Debug|x64.ActiveCfg = Debug|x64
		{428CB96C-3578-44D8-9215-A6204FEB7D97}.Debug|x64.Build.0 = Debug|x64
		{428CB96C-3578-44D8-9215-A6204FEB7D97}.Debug|x86.ActiveCfg = Debug|Win32
		{428CB96C-3578-44D8-9215-A6204FEB7D97}.Debug|x86.Build.0 = Debug|Win32
		{428CB96C-3578-44D8-9215-A6204FEB7D97}.Release|x64.ActiveCfg = Release|x64
		{428CB96C-3578-44D8-9215-A6204FEB7D97}.Release|x64.Build.0 = Release|x64
		{428CB96C-3578-44D8-9215-A6204FEB7D97}.Release|x86.ActiveCfg = Release|Win32
		{428CB96C-3578-44D8-9215-A6204FEB7D97}.Release|x86.Build.0 = Release|Win32
		{9D75F1D2-152A-4D5F-A58B-76FDD328D506}.Debug|x64.ActiveCfg = Debug|x64
		{9D75F1D2-152A-4D5F-A58B-76FDD328D506}.Debug|x64.Build.0 = Debug|x64
		{9D75F1D2-152A-4D5F-A58B-76FDD328D506}.Debug|x86.ActiveCfg = Debug|Win32
		{9D75F1D2-152A-4D5F-A58B-76FDD328D506}.Debug|x86.Build.0 = Debug|Win32
		{9D75F1D2-152A-4D5F-A58B-76FDD328D506}.Release|x64.ActiveCfg = Release|x64
		{9D75F1D2-152A-4D5F-A58B-76FDD328D506}.Release|x64.Build.0 = Release|x64
		{9D75F1D2-152A-4D5F-A58B-76FDD328D506}.Release|x86.ActiveCfg = Release|Win32
		{9D75F1D2-152A-4D5F-A58B-76FDD328D506}.Release|x86.Build.0 = Release|Win32
		{DB5C284F-0267-4DB6-83B2-6630E4958E3F}.Debug|x64.ActiveCfg = Debug|x64
		{DB5C284F-0267-4DB6-83B2-6630E4958E3F}.Debug|x64.Build.0 = Debug|x64
		{DB5C284F-0267-4DB6-83B2-6630E4958E3F}.Debug|x86.ActiveCfg = Debug|Win32
		{DB5C284F-0267-4DB6-83B2-6630E4958E3F}.Debug|x86.Build.0 = Debug|Win32
		{DB5C284F-0267-4DB6-83B2-6630E4958E3F}.Release|x64.ActiveCfg = Release|x64
		{DB5C284F-0267-4DB6-83B2-6630E4958E3F}.Release|x64.Build.0 = Release|x64
		{DB5C284F-0267-4DB6-83B2-6630E4958E3F}.Release|x86.ActiveCfg = Release|Win32
		{DB5C284F-0267-4DB6-83B2-6630E4958E3F}.Release|x86.Build.0 = Release|Win32
		{2BDC0735-8ECB-4527-B567-4830148B1A79}.Debug|x64.ActiveCfg = Debug|x64
		{2BDC0735-8ECB-4527-B567-4830148B1A79}.Debug|x64.Build.0 = Debug|x64
		{2BDC0735-8ECB-4527-B567-4830148B1A79}.Debug|x86.ActiveCfg = Debug|Win32
		{2BDC0735-8ECB-4527-B567-4830148B1A79}.Debug|x86.Build.0 = Debug|Win32
		{2BDC0735-8ECB-4527-B567-4830148B1A79}.Release|x64.ActiveCfg = Release|x64
		{2BDC0735-8ECB-4527-B567-4830148B1A79}.Release|x64.Build.0 = Release|x64
		{2BDC0735-8ECB-4527-B567-4830148B1A79}.Release|x86.ActiveCfg = Release|Win32
		{2BDC0735-8ECB-4527-B567-4830148B1A79}.Release|x86.Build.0 = Release|Win32
		{7284697D-A859-419E-A016-0171DD669356}.Debug|x64.ActiveCfg = Debug|x64
		{7284697D-A859-419E-A016-0171DD669356}.Debug|x64.Build.0 = Debug|x64
		{7284697D-A859-419E-A016-0171DD669356}.Debug|x86.ActiveCfg = Debug|Win32
		{7284697D-A859-419E-A016-0171DD669356}.Debug|x86.Build.0 = Debug|Win32
		{7284697D-A859-419E-A016-0171DD669356}.Release|x64.ActiveCfg = Release|x64
		{7284697D-A859-419E-A016-0171DD669356}.Release|x64.Build.0 = Release|x64
		{7284697D-A859-419E-A016-0171DD669356}.Release|x86.ActiveCfg = Release|Win32
		{7284697D-A859-419E-A016-0171DD669356}.Release|x86.Build.0 = Release|Win32
		{6BABA4D8-18C6-4B9C-AB0F-9B6D17F38257}.Debug|x64.ActiveCfg = Debug|x64
		{6BABA4D8-18C6-4B9C-AB0F-9B6D17F38257}.Debug|x64.Build.0 = Debug|x64
		{6BABA4D8-18C6-4B9C-AB0F-9B6D17F38257}.Debug|x86.ActiveCfg = Debug|Win32
		{6BABA4D8-18C6-4B9C-AB0F-9B6D17F38257}.Debug|x86.Build.0 = Debug|Win32
		{6BABA4D8-18C6-4B9C-AB0F-9B6D17F38257}.Release|x64.ActiveCfg = Release|x64
		{6BABA4D8-18C6-4B9C-AB0F-9B6D17F38257}.Release|x64.Build.0 = Release|x64
		{6BABA4D8-18C6-4B9C-AB0F-9B6D17F38257}.Release|x86.ActiveCfg = Release|Win32
		{6BABA4D8-18C6-4B9C-AB0F-9B6D17F38257}.Release|x86.Build.0 = Release|Win32
		{D572678B-9ADA-41B2-B6DC-AF8ED63D27F4}.Debug|x64.ActiveCfg = Debug|x64
		{D572678B-9ADA-41B2-B6DC-AF8ED63D27F4}.Debug|x64.Build.0 = Debug|x64
		{D572678B-9ADA-41B2-B6DC-AF8ED63D27F4}.Debug|x86.ActiveCfg = Debug|Win32
		{D572678B-9ADA-41B2-B6DC-AF8ED63D27F4}.Debug|x86.Build.0 = Debug|Win32
		{D572678B-9ADA-41B2-B6DC-AF8ED63D27F4}.Release|x64.ActiveCfg = Release|x64
		{D572678B-9ADA-41B2-B6DC-AF8ED63D27F4}.Release|x64.Build.0 = Release|x64
		{D572678B-9ADA-41B2-B6DC-AF8ED63D27F4}.Release|x86.ActiveCfg = Release|Win32
		{D572678B-9ADA-41B2-B6DC-AF8ED63D27F4}.Release|x86.Build.0 = Release|Win32
		{BE49D973-41EE-44A8-B597-76069DBC3BD9}.Debug|x64.ActiveCfg = Debug|x64
		{BE49D973-41EE-44A8-B597-76069DBC3BD9}.Debug|x64.Build.0 = Debug|x64
		{BE49D973-41EE-44A8-B597-76069DBC3BD9}.Debug|x86.ActiveCfg = Debug|Win32
		{BE49D973-41EE-44A8-B597-76069DBC3BD9}.Debug|x86.Build.0 = Debug|Win32
		{BE49D973-41EE-44A8-B597-76069DBC3BD9}.Release|x64.ActiveCfg = Release|x64
		{BE49D973-41EE-44A8-B597-76069DBC3BD9}.Release|x64.Build.0 = Release|x64
		{BE49D973-41EE-44A8-B597-76069DBC3BD9}.Release|x86.ActiveCfg = Release|Win32
		{BE49D973-41EE-44A8-B597-76069DBC3BD9}.Release|x86.Build.0 = Release|Win32
		{0BB450B5-29C6-4033-811C-059A2BB767C8}.Debug|x64.ActiveCfg = Debug|x64
		{0BB450B5-29C6-4033-811C-059A2BB767C8}.Debug|x64.Build.0 = Debug|x64
		{0BB450B5-29C6-4033-811C-059A2BB767C8}.Debug|x86.ActiveCfg = Debug|Win32
		{0BB450B5-29C6-4033-811C-059A2BB767C8}.Debug|x86.Build.0 = Debug|Win32
		{0BB450B5-29C6-4033-811C-059A2BB767C8}.Release|x64.ActiveCfg = Release|x64
		{0BB450B5-29C6-4033-811C-059A2BB767C8}.Release|x64.Build.0 = Release|x64
		{0BB450B5-29C6-4033-811C-059A2BB767C8}.Release|x86.ActiveCfg = Release|Win32
		{0BB450B5-29C6-4033-811C-059A2BB767C8}.Release|x86.Build.0 = Release|Win32
		{BE1E0702-F429-45ED-9F7F-AB1E387AB78D}.Debug|x64.ActiveCfg = Debug|x64
		{BE1E0702-F429-45ED-9F7F-AB1E387AB78D}.Debug|x64.Build.0 = Debug|x64
		{BE1E0702-F429-45ED-9F7F-AB1E387AB78D}.Debug|x86.ActiveCfg = Debug|Win32
		{BE1E0702-F429-45ED-9F7F-AB1E387AB78D}.Debug|x86.Build.0 = Debug|Win32
		{BE1E0702-F429-45ED-9F7F-AB1E387AB78D}.Release|x64.ActiveCfg = Release|x64
		{BE1E0702-F429-45ED-9F7F-AB1E387AB78D}.Release|x64.Build.0 = Release|x64
		{BE1E0702-F429-45ED-9F7F-AB1E387AB78D}.Release|x86.ActiveCfg = Release|Win32
		{BE1E0702-F429-45ED-9F7F-AB1E387AB78D}.Release|x86.Build.0 = Release|Win32
	EndGlobalSection
	GlobalSection(SolutionProperties) = preSolution
		HideSolutionNode = FALSE
	EndGlobalSection
	GlobalSection(ExtensibilityGlobals) = postSolution
		SolutionGuid = {E67E48A2-7323-4D01-9574-3590D199A3EA}
	EndGlobalSection
EndGlobal
